{
    "_meta": {
        "hash": {
            "sha256": "7bac27243fbd71cde9f36ef35eb5d5153f15a1447d5834bf345d87544f504e0a"
        },
        "host-environment-markers": {
            "implementation_name": "cpython",
            "implementation_version": "3.4.2",
            "os_name": "posix",
            "platform_machine": "armv7l",
            "platform_python_implementation": "CPython",
            "platform_release": "4.4.50-v7+",
            "platform_system": "Linux",
            "platform_version": "#970 SMP Mon Feb 20 19:18:29 GMT 2017",
            "python_full_version": "3.4.2",
            "python_version": "3.4",
            "sys_platform": "linux"
        },
        "pipfile-spec": 6,
        "requires": {},
        "sources": [
            {
                "name": "pypi",
                "url": "https://pypi.python.org/simple",
                "verify_ssl": true
            }
        ]
    },
    "default": {
        "drawille": {
            "hashes": [
                "sha256:b789d2f1359b10628789b21b2df659c9c3d0c53884cee27b0d8b1ae93c22fbcb"
            ],
            "version": "==0.1.0"
        },
        "wiringpi": {
            "hashes": [
                "sha256:5f6694b3a0d64ccb8dc9dc5aec3036daf0696eb66006592791c8685baeaa05ce",
                "sha256:4bc32a04d71398eb752a0d0bda23a9357e639550fa7f1d1cde0c4c1d77ee4f52",
                "sha256:0278b683ed7af173c6ada690dbbe4e36a50c2cd0e02b2d338a3831205627d735",
                "sha256:9d308a88c470dda6fc93ec2ca901e9212beb9e2f459516bd1c7ccd2a8446a8d8"
            ],
            "version": "==2.44.4"
        },
        "wiringpi2": {
            "hashes": [
                "sha256:77a355419d54c63e410636db05daf49bf5c27e8b6fb6d6053cd551719a2708fa"
            ],
            "version": "==2.32.3"
        }
    },
    "develop": {
        "attrs": {
            "hashes": [
                "sha256:a17a9573a6f475c99b551c0e0a812707ddda1ec9653bed04c13841404ed6f450",
                "sha256:1c7960ccfd6a005cd9f7ba884e6316b5e430a3f1a6c37c5f87d8b43f83b54ec9"
            ],
            "version": "==17.4.0"
        },
        "pluggy": {
            "hashes": [
                "sha256:7f8ae7f5bdf75671a718d2daf0a64b7885f74510bcd98b1a0bb420eb9a9d0cff"
            ],
            "version": "==0.6.0"
        },
        "pudb": {
            "hashes": [
                "sha256:aac8cb5008402e0189055f0288d9379c855c8506ab70f4c47cc7459925fa348a"
            ],
            "version": "==2017.1.4"
        },
        "py": {
            "hashes": [
                "sha256:8cca5c229d225f8c1e3085be4fcf306090b00850fefad892f9d96c7b6e2f310f",
                "sha256:ca18943e28235417756316bfada6cd96b23ce60dd532642690dcfdaba988a76d"
            ],
            "version": "==1.5.2"
        },
        "pygments": {
            "hashes": [
                "sha256:78f3f434bcc5d6ee09020f92ba487f95ba50f1e3ef83ae96b9d5ffa1bab25c5d",
                "sha256:dbae1046def0efb574852fab9e90209b23f556367b5a320c0bcb871c77c3e8cc"
            ],
            "version": "==2.2.0"
        },
        "pytest": {
            "hashes": [
                "sha256:b84878865558194630c6147f44bdaef27222a9f153bbd4a08908b16bf285e0b1",
                "sha256:53548280ede7818f4dc2ad96608b9f08ae2cc2ca3874f2ceb6f97e3583f25bc4"
            ],
            "version": "==3.3.2"
        },
        "six": {
            "hashes": [
                "sha256:832dc0e10feb1aa2c68dcc57dbb658f1c7e65b9b61af69048abc87a2db00a0eb",
                "sha256:70e8a77beed4562e7f14fe23a786b54f6296e34344c23bc42f07b15018ff98e9"
            ],
            "version": "==1.11.0"
        },
        "urwid": {
            "hashes": [
                "sha256:cfcec03e36de25a1073e2e35c2c7b0cc6969b85745715c3a025a31d9786896a1"
            ],
            "version": "==1.3.1"
        }
    }
}
